// !$*UTF8*$!
{
	archiveVersion = 1;
	classes = {
	};
	objectVersion = 77;
	objects = {

/* Begin PBXBuildFile section */
		97516C74300C500100000005 /* FluidAudio in Frameworks */ = {isa = PBXBuildFile; productRef = 97516C75300C500100000006 /* FluidAudio */; };
		97516C74300C500100000011 /* FluidAudio in Frameworks */ = {isa = PBXBuildFile; productRef = 97516C75300C500100000012 /* FluidAudio */; };
/* End PBXBuildFile section */

/* Begin PBXContainerItemProxy section */
		97516C57300C400100000008 /* PBXContainerItemProxy */ = {
			isa = PBXContainerItemProxy;
			containerPortal = 97EC2265300C275500E4A542 /* Project object */;
			proxyType = 1;
			remoteGlobalIDString = 97EC226C300C275500E4A542;
			remoteInfo = Timbre;
		};
		97516C67300C400100000018 /* PBXContainerItemProxy */ = {
			isa = PBXContainerItemProxy;
			containerPortal = 97EC2265300C275500E4A542 /* Project object */;
			proxyType = 1;
			remoteGlobalIDString = 97EC226C300C275500E4A542;
			remoteInfo = Timbre;
		};
/* End PBXContainerItemProxy section */

/* Begin PBXFileReference section */
		97516C50300C400100000001 /* TimbreTests.xctest */ = {isa = PBXFileReference; explicitFileType = wrapper.cfbundle; includeInIndex = 0; path = TimbreTests.xctest; sourceTree = BUILT_PRODUCTS_DIR; };
		97516C60300C400100000011 /* TimbreUITests.xctest */ = {isa = PBXFileReference; explicitFileType = wrapper.cfbundle; includeInIndex = 0; path = TimbreUITests.xctest; sourceTree = BUILT_PRODUCTS_DIR; };
		97516C71300C500100000002 /* ParakeetSmokeTest */ = {isa = PBXFileReference; explicitFileType = "compiled.mach-o.executable"; includeInIndex = 0; path = ParakeetSmokeTest; sourceTree = BUILT_PRODUCTS_DIR; };
		97EC226D300C275500E4A542 /* Timbre.app */ = {isa = PBXFileReference; explicitFileType = wrapper.application; includeInIndex = 0; path = Timbre.app; sourceTree = BUILT_PRODUCTS_DIR; };
/* End PBXFileReference section */

/* Begin PBXFileSystemSynchronizedBuildFileExceptionSet section */
		97516C48300C28E9002836FD /* Exceptions for "Timbre" folder in "Timbre" target */ = {
			isa = PBXFileSystemSynchronizedBuildFileExceptionSet;
			membershipExceptions = (
				Info.plist,
			);
			target = 97EC226C300C275500E4A542 /* Timbre */;
		};
/* End PBXFileSystemSynchronizedBuildFileExceptionSet section */

/* Begin PBXFileSystemSynchronizedRootGroup section */
		97516C52300C400100000003 /* TimbreTests */ = {
			isa = PBXFileSystemSynchronizedRootGroup;
			path = TimbreTests;
			sourceTree = "<group>";
		};
		97516C62300C400100000013 /* TimbreUITests */ = {
			isa = PBXFileSystemSynchronizedRootGroup;
			path = TimbreUITests;
			sourceTree = "<group>";
		};
		97516C72300C500100000003 /* Tools/ParakeetSmokeTest/Sources */ = {
			isa = PBXFileSystemSynchronizedRootGroup;
			path = Tools/ParakeetSmokeTest/Sources;
			sourceTree = "<group>";
		};
		97516C8A300C600100000001 /* Shared */ = {
			isa = PBXFileSystemSynchronizedRootGroup;
			path = Shared;
			sourceTree = "<group>";
		};
		97EC226F300C275500E4A542 /* Timbre */ = {
			isa = PBXFileSystemSynchronizedRootGroup;
			exceptions = (
				97516C48300C28E9002836FD /* Exceptions for "Timbre" folder in "Timbre" target */,
			);
			path = Timbre;
			sourceTree = "<group>";
		};
/* End PBXFileSystemSynchronizedRootGroup section */

/* Begin PBXFrameworksBuildPhase section */
		97516C54300C400100000005 /* Frameworks */ = {
			isa = PBXFrameworksBuildPhase;
			buildActionMask = 2147483647;
			files = (
			);
			runOnlyForDeploymentPostprocessing = 0;
		};
		97516C64300C400100000015 /* Frameworks */ = {
			isa = PBXFrameworksBuildPhase;
			buildActionMask = 2147483647;
			files = (
			);
			runOnlyForDeploymentPostprocessing = 0;
		};
		97516C73300C500100000004 /* Frameworks */ = {
			isa = PBXFrameworksBuildPhase;
			buildActionMask = 2147483647;
			files = (
				97516C74300C500100000005 /* FluidAudio in Frameworks */,
			);
			runOnlyForDeploymentPostprocessing = 0;
		};
		97EC226A300C275500E4A542 /* Frameworks */ = {
			isa = PBXFrameworksBuildPhase;
			buildActionMask = 2147483647;
			files = (
				97516C74300C500100000011 /* FluidAudio in Frameworks */,
			);
			runOnlyForDeploymentPostprocessing = 0;
		};
/* End PBXFrameworksBuildPhase section */

/* Begin PBXGroup section */
		97EC2264300C275500E4A542 = {
			isa = PBXGroup;
			children = (
				97EC226F300C275500E4A542 /* Timbre */,
				97516C8A300C600100000001 /* Shared */,
				97516C52300C400100000003 /* TimbreTests */,
				97516C62300C400100000013 /* TimbreUITests */,
				97516C72300C500100000003 /* Tools/ParakeetSmokeTest/Sources */,
				97EC226E300C275500E4A542 /* Products */,
			);
			sourceTree = "<group>";
		};
		97EC226E300C275500E4A542 /* Products */ = {
			isa = PBXGroup;
			children = (
				97EC226D300C275500E4A542 /* Timbre.app */,
				97516C50300C400100000001 /* TimbreTests.xctest */,
				97516C60300C400100000011 /* TimbreUITests.xctest */,
				97516C71300C500100000002 /* ParakeetSmokeTest */,
			);
			name = Products;
			sourceTree = "<group>";
		};
/* End PBXGroup section */

/* Begin PBXNativeTarget section */
		97516C51300C400100000002 /* TimbreTests */ = {
			isa = PBXNativeTarget;
			buildConfigurationList = 97516C5A300C40010000000B /* Build configuration list for PBXNativeTarget "TimbreTests" */;
			buildPhases = (
				97516C53300C400100000004 /* Sources */,
				97516C54300C400100000005 /* Frameworks */,
				97516C55300C400100000006 /* Resources */,
			);
			buildRules = (
			);
			dependencies = (
				97516C56300C400100000007 /* PBXTargetDependency */,
			);
			fileSystemSynchronizedGroups = (
				97516C52300C400100000003 /* TimbreTests */,
			);
			name = TimbreTests;
			packageProductDependencies = (
			);
			productName = TimbreTests;
			productReference = 97516C50300C400100000001 /* TimbreTests.xctest */;
			productType = "com.apple.product-type.bundle.unit-test";
		};
		97516C61300C400100000012 /* TimbreUITests */ = {
			isa = PBXNativeTarget;
			buildConfigurationList = 97516C6A300C40010000001B /* Build configuration list for PBXNativeTarget "TimbreUITests" */;
			buildPhases = (
				97516C63300C400100000014 /* Sources */,
				97516C64300C400100000015 /* Frameworks */,
				97516C65300C400100000016 /* Resources */,
			);
			buildRules = (
			);
			dependencies = (
				97516C66300C400100000017 /* PBXTargetDependency */,
			);
			fileSystemSynchronizedGroups = (
				97516C62300C400100000013 /* TimbreUITests */,
			);
			name = TimbreUITests;
			packageProductDependencies = (
			);
			productName = TimbreUITests;
			productReference = 97516C60300C400100000011 /* TimbreUITests.xctest */;
			productType = "com.apple.product-type.bundle.ui-testing";
		};
		97516C70300C500100000001 /* ParakeetSmokeTest */ = {
			isa = PBXNativeTarget;
			buildConfigurationList = 97516C79300C50010000000A /* Build configuration list for PBXNativeTarget "ParakeetSmokeTest" */;
			buildPhases = (
				97516C76300C500100000007 /* Sources */,
				97516C73300C500100000004 /* Frameworks */,
			);
			buildRules = (
			);
			dependencies = (
			);
			fileSystemSynchronizedGroups = (
				97516C72300C500100000003 /* Tools/ParakeetSmokeTest/Sources */,
				97516C8A300C600100000001 /* Shared */,
			);
			name = ParakeetSmokeTest;
			packageProductDependencies = (
				97516C75300C500100000006 /* FluidAudio */,
			);
			productName = ParakeetSmokeTest;
			productReference = 97516C71300C500100000002 /* ParakeetSmokeTest */;
			productType = "com.apple.product-type.tool";
		};
		97EC226C300C275500E4A542 /* Timbre */ = {
			isa = PBXNativeTarget;
			buildConfigurationList = 97EC2279300C275800E4A542 /* Build configuration list for PBXNativeTarget "Timbre" */;
			buildPhases = (
				97EC2269300C275500E4A542 /* Sources */,
				97EC226A300C275500E4A542 /* Frameworks */,
				97EC226B300C275500E4A542 /* Resources */,
			);
			buildRules = (
			);
			dependencies = (
			);
			fileSystemSynchronizedGroups = (
				97516C8A300C600100000001 /* Shared */,
				97EC226F300C275500E4A542 /* Timbre */,
			);
			name = Timbre;
			packageProductDependencies = (
				97516C75300C500100000012 /* FluidAudio */,
			);
			productName = Timbre;
			productReference = 97EC226D300C275500E4A542 /* Timbre.app */;
			productType = "com.apple.product-type.application";
		};
/* End PBXNativeTarget section */

/* Begin PBXProject section */
		97EC2265300C275500E4A542 /* Project object */ = {
			isa = PBXProject;
			attributes = {
				BuildIndependentTargetsInParallel = 1;
				LastSwiftUpdateCheck = 1640;
				LastUpgradeCheck = 1640;
				TargetAttributes = {
					97516C51300C400100000002 = {
						CreatedOnToolsVersion = 16.4;
						TestTargetID = 97EC226C300C275500E4A542;
					};
					97516C61300C400100000012 = {
						CreatedOnToolsVersion = 16.4;
						TestTargetID = 97EC226C300C275500E4A542;
					};
					97516C70300C500100000001 = {
						CreatedOnToolsVersion = 16.4;
					};
					97EC226C300C275500E4A542 = {
						CreatedOnToolsVersion = 16.4;
					};
				};
			};
			buildConfigurationList = 97EC2268300C275500E4A542 /* Build configuration list for PBXProject "Timbre" */;
			developmentRegion = en;
			hasScannedForEncodings = 0;
			knownRegions = (
				en,
				Base,
			);
			mainGroup = 97EC2264300C275500E4A542;
			minimizedProjectReferenceProxies = 1;
			packageReferences = (
				97516C7A300C50010000000B /* XCRemoteSwiftPackageReference "FluidAudio" */,
			);
			preferredProjectObjectVersion = 77;
			productRefGroup = 97EC226E300C275500E4A542 /* Products */;
			projectDirPath = "";
			projectRoot = "";
			targets = (
				97EC226C300C275500E4A542 /* Timbre */,
				97516C51300C400100000002 /* TimbreTests */,
				97516C61300C400100000012 /* TimbreUITests */,
				97516C70300C500100000001 /* ParakeetSmokeTest */,
			);
		};
/* End PBXProject section */

/* Begin PBXResourcesBuildPhase section */
		97516C55300C400100000006 /* Resources */ = {
			isa = PBXResourcesBuildPhase;
			buildActionMask = 2147483647;
			files = (
			);
			runOnlyForDeploymentPostprocessing = 0;
		};
		97516C65300C400100000016 /* Resources */ = {
			isa = PBXResourcesBuildPhase;
			buildActionMask = 2147483647;
			files = (
			);
			runOnlyForDeploymentPostprocessing = 0;
		};
		97EC226B300C275500E4A542 /* Resources */ = {
			isa = PBXResourcesBuildPhase;
			buildActionMask = 2147483647;
			files = (
			);
			runOnlyForDeploymentPostprocessing = 0;
		};
/* End PBXResourcesBuildPhase section */

/* Begin PBXSourcesBuildPhase section */
		97516C53300C400100000004 /* Sources */ = {
			isa = PBXSourcesBuildPhase;
			buildActionMask = 2147483647;
			files = (
			);
			runOnlyForDeploymentPostprocessing = 0;
		};
		97516C63300C400100000014 /* Sources */ = {
			isa = PBXSourcesBuildPhase;
			buildActionMask = 2147483647;
			files = (
			);
			runOnlyForDeploymentPostprocessing = 0;
		};
		97516C76300C500100000007 /* Sources */ = {
			isa = PBXSourcesBuildPhase;
			buildActionMask = 2147483647;
			files = (
			);
			runOnlyForDeploymentPostprocessing = 0;
		};
		97EC2269300C275500E4A542 /* Sources */ = {
			isa = PBXSourcesBuildPhase;
			buildActionMask = 2147483647;
			files = (
			);
			runOnlyForDeploymentPostprocessing = 0;
		};
/* End PBXSourcesBuildPhase section */

/* Begin PBXTargetDependency section */
		97516C56300C400100000007 /* PBXTargetDependency */ = {
			isa = PBXTargetDependency;
			target = 97EC226C300C275500E4A542 /* Timbre */;
			targetProxy = 97516C57300C400100000008 /* PBXContainerItemProxy */;
		};
		97516C66300C400100000017 /* PBXTargetDependency */ = {
			isa = PBXTargetDependency;
			target = 97EC226C300C275500E4A542 /* Timbre */;
			targetProxy = 97516C67300C400100000018 /* PBXContainerItemProxy */;
		};
/* End PBXTargetDependency section */

/* Begin XCBuildConfiguration section */
		97516C58300C400100000009 /* Debug */ = {
			isa = XCBuildConfiguration;
			buildSettings = {
				BUNDLE_LOADER = "$(TEST_HOST)";
				CODE_SIGN_STYLE = Automatic;
				CURRENT_PROJECT_VERSION = 1;
				DEVELOPMENT_TEAM = 264VP7B2Z9;
				GENERATE_INFOPLIST_FILE = YES;
				MACOSX_DEPLOYMENT_TARGET = 14.6;
				MARKETING_VERSION = 1.0;
				PRODUCT_BUNDLE_IDENTIFIER = com.augustdrakton.TimbreTests;
				PRODUCT_NAME = "$(TARGET_NAME)";
				SWIFT_EMIT_LOC_STRINGS = NO;
				SWIFT_VERSION = 5.0;
				TEST_HOST = "$(BUILT_PRODUCTS_DIR)/Timbre.app/Contents/MacOS/Timbre";
			};
			name = Debug;
		};
		97516C59300C40010000000A /* Release */ = {
			isa = XCBuildConfiguration;
			buildSettings = {
				BUNDLE_LOADER = "$(TEST_HOST)";
				CODE_SIGN_STYLE = Automatic;
				CURRENT_PROJECT_VERSION = 1;
				DEVELOPMENT_TEAM = 264VP7B2Z9;
				GENERATE_INFOPLIST_FILE = YES;
				MACOSX_DEPLOYMENT_TARGET = 14.6;
				MARKETING_VERSION = 1.0;
				PRODUCT_BUNDLE_IDENTIFIER = com.augustdrakton.TimbreTests;
				PRODUCT_NAME = "$(TARGET_NAME)";
				SWIFT_EMIT_LOC_STRINGS = NO;
				SWIFT_VERSION = 5.0;
				TEST_HOST = "$(BUILT_PRODUCTS_DIR)/Timbre.app/Contents/MacOS/Timbre";
			};
			name = Release;
		};
		97516C68300C400100000019 /* Debug */ = {
			isa = XCBuildConfiguration;
			buildSettings = {
				CODE_SIGN_STYLE = Automatic;
				CURRENT_PROJECT_VERSION = 1;
				DEVELOPMENT_TEAM = 264VP7B2Z9;
				GENERATE_INFOPLIST_FILE = YES;
				MACOSX_DEPLOYMENT_TARGET = 14.6;
				MARKETING_VERSION = 1.0;
				PRODUCT_BUNDLE_IDENTIFIER = com.augustdrakton.TimbreUITests;
				PRODUCT_NAME = "$(TARGET_NAME)";
				SWIFT_EMIT_LOC_STRINGS = NO;
				SWIFT_VERSION = 5.0;
				TEST_TARGET_NAME = Timbre;
			};
			name = Debug;
		};
		97516C69300C40010000001A /* Release */ = {
			isa = XCBuildConfiguration;
			buildSettings = {
				CODE_SIGN_STYLE = Automatic;
				CURRENT_PROJECT_VERSION = 1;
				DEVELOPMENT_TEAM = 264VP7B2Z9;
				GENERATE_INFOPLIST_FILE = YES;
				MACOSX_DEPLOYMENT_TARGET = 14.6;
				MARKETING_VERSION = 1.0;
				PRODUCT_BUNDLE_IDENTIFIER = com.augustdrakton.TimbreUITests;
				PRODUCT_NAME = "$(TARGET_NAME)";
				SWIFT_EMIT_LOC_STRINGS = NO;
				SWIFT_VERSION = 5.0;
				TEST_TARGET_NAME = Timbre;
			};
			name = Release;
		};
		97516C77300C500100000008 /* Debug */ = {
			isa = XCBuildConfiguration;
			buildSettings = {
				CODE_SIGN_STYLE = Automatic;
				DEVELOPMENT_TEAM = 264VP7B2Z9;
				GENERATE_INFOPLIST_FILE = YES;
				MACOSX_DEPLOYMENT_TARGET = 14.6;
				PRODUCT_BUNDLE_IDENTIFIER = com.augustdrakton.ParakeetSmokeTest;
				PRODUCT_NAME = "$(TARGET_NAME)";
				SKIP_INSTALL = YES;
				SWIFT_EMIT_LOC_STRINGS = NO;
				SWIFT_VERSION = 5.0;
			};
			name = Debug;
		};
		97516C78300C500100000009 /* Release */ = {
			isa = XCBuildConfiguration;
			buildSettings = {
				CODE_SIGN_STYLE = Automatic;
				DEVELOPMENT_TEAM = 264VP7B2Z9;
				GENERATE_INFOPLIST_FILE = YES;
				MACOSX_DEPLOYMENT_TARGET = 14.6;
				PRODUCT_BUNDLE_IDENTIFIER = com.augustdrakton.ParakeetSmokeTest;
				PRODUCT_NAME = "$(TARGET_NAME)";
				SKIP_INSTALL = YES;
				SWIFT_EMIT_LOC_STRINGS = NO;
				SWIFT_VERSION = 5.0;
			};
			name = Release;
		};
		97EC2277300C275800E4A542 /* Debug */ = {
			isa = XCBuildConfiguration;
			buildSettings = {
				ALWAYS_SEARCH_USER_PATHS = NO;
				ASSETCATALOG_COMPILER_GENERATE_SWIFT_ASSET_SYMBOL_EXTENSIONS = YES;
				CLANG_ANALYZER_NONNULL = YES;
				CLANG_ANALYZER_NUMBER_OBJECT_CONVERSION = YES_AGGRESSIVE;
				CLANG_CXX_LANGUAGE_STANDARD = "gnu++20";
				CLANG_ENABLE_MODULES = YES;
				CLANG_ENABLE_OBJC_ARC = YES;
				CLANG_ENABLE_OBJC_WEAK = YES;
				CLANG_WARN_BLOCK_CAPTURE_AUTORELEASING = YES;
				CLANG_WARN_BOOL_CONVERSION = YES;
				CLANG_WARN_COMMA = YES;
				CLANG_WARN_CONSTANT_CONVERSION = YES;
				CLANG_WARN_DEPRECATED_OBJC_IMPLEMENTATIONS = YES;
				CLANG_WARN_DIRECT_OBJC_ISA_USAGE = YES_ERROR;
				CLANG_WARN_DOCUMENTATION_COMMENTS = YES;
				CLANG_WARN_EMPTY_BODY = YES;
				CLANG_WARN_ENUM_CONVERSION = YES;
				CLANG_WARN_INFINITE_RECURSION = YES;
				CLANG_WARN_INT_CONVERSION = YES;
				CLANG_WARN_NON_LITERAL_NULL_CONVERSION = YES;
				CLANG_WARN_OBJC_IMPLICIT_RETAIN_SELF = YES;
				CLANG_WARN_OBJC_LITERAL_CONVERSION = YES;
				CLANG_WARN_OBJC_ROOT_CLASS = YES_ERROR;
				CLANG_WARN_QUOTED_INCLUDE_IN_FRAMEWORK_HEADER = YES;
				CLANG_WARN_RANGE_LOOP_ANALYSIS = YES;
				CLANG_WARN_STRICT_PROTOTYPES = YES;
				CLANG_WARN_SUSPICIOUS_MOVE = YES;
				CLANG_WARN_UNGUARDED_AVAILABILITY = YES_AGGRESSIVE;
				CLANG_WARN_UNREACHABLE_CODE = YES;
				CLANG_WARN__DUPLICATE_METHOD_MATCH = YES;
				COPY_PHASE_STRIP = NO;
				DEBUG_INFORMATION_FORMAT = dwarf;
				ENABLE_STRICT_OBJC_MSGSEND = YES;
				ENABLE_TESTABILITY = YES;
				ENABLE_USER_SCRIPT_SANDBOXING = YES;
				GCC_C_LANGUAGE_STANDARD = gnu17;
				GCC_DYNAMIC_NO_PIC = NO;
				GCC_NO_COMMON_BLOCKS = YES;
				GCC_OPTIMIZATION_LEVEL = 0;
				GCC_PREPROCESSOR_DEFINITIONS = (
					"DEBUG=1",
					"$(inherited)",
				);
				GCC_WARN_64_TO_32_BIT_CONVERSION = YES;
				GCC_WARN_ABOUT_RETURN_TYPE = YES_ERROR;
				GCC_WARN_UNDECLARED_SELECTOR = YES;
				GCC_WARN_UNINITIALIZED_AUTOS = YES_AGGRESSIVE;
				GCC_WARN_UNUSED_FUNCTION = YES;
				GCC_WARN_UNUSED_VARIABLE = YES;
				LOCALIZATION_PREFERS_STRING_CATALOGS = YES;
				MACOSX_DEPLOYMENT_TARGET = 15.3;
				MTL_ENABLE_DEBUG_INFO = INCLUDE_SOURCE;
				MTL_FAST_MATH = YES;
				ONLY_ACTIVE_ARCH = YES;
				SDKROOT = macosx;
				SWIFT_ACTIVE_COMPILATION_CONDITIONS = "DEBUG $(inherited)";
				SWIFT_OPTIMIZATION_LEVEL = "-Onone";
			};
			name = Debug;
		};
		97EC2278300C275800E4A542 /* Release */ = {
			isa = XCBuildConfiguration;
			buildSettings = {
				ALWAYS_SEARCH_USER_PATHS = NO;
				ASSETCATALOG_COMPILER_GENERATE_SWIFT_ASSET_SYMBOL_EXTENSIONS = YES;
				CLANG_ANALYZER_NONNULL = YES;
				CLANG_ANALYZER_NUMBER_OBJECT_CONVERSION = YES_AGGRESSIVE;
				CLANG_CXX_LANGUAGE_STANDARD = "gnu++20";
				CLANG_ENABLE_MODULES = YES;
				CLANG_ENABLE_OBJC_ARC = YES;
				CLANG_ENABLE_OBJC_WEAK = YES;
				CLANG_WARN_BLOCK_CAPTURE_AUTORELEASING = YES;
				CLANG_WARN_BOOL_CONVERSION = YES;
				CLANG_WARN_COMMA = YES;
				CLANG_WARN_CONSTANT_CONVERSION = YES;
				CLANG_WARN_DEPRECATED_OBJC_IMPLEMENTATIONS = YES;
				CLANG_WARN_DIRECT_OBJC_ISA_USAGE = YES_ERROR;
				CLANG_WARN_DOCUMENTATION_COMMENTS = YES;
				CLANG_WARN_EMPTY_BODY = YES;
				CLANG_WARN_ENUM_CONVERSION = YES;
				CLANG_WARN_INFINITE_RECURSION = YES;
				CLANG_WARN_INT_CONVERSION = YES;
				CLANG_WARN_NON_LITERAL_NULL_CONVERSION = YES;
				CLANG_WARN_OBJC_IMPLICIT_RETAIN_SELF = YES;
				CLANG_WARN_OBJC_LITERAL_CONVERSION = YES;
				CLANG_WARN_OBJC_ROOT_CLASS = YES_ERROR;
				CLANG_WARN_QUOTED_INCLUDE_IN_FRAMEWORK_HEADER = YES;
				CLANG_WARN_RANGE_LOOP_ANALYSIS = YES;
				CLANG_WARN_STRICT_PROTOTYPES = YES;
				CLANG_WARN_SUSPICIOUS_MOVE = YES;
				CLANG_WARN_UNGUARDED_AVAILABILITY = YES_AGGRESSIVE;
				CLANG_WARN_UNREACHABLE_CODE = YES;
				CLANG_WARN__DUPLICATE_METHOD_MATCH = YES;
				COPY_PHASE_STRIP = NO;
				DEBUG_INFORMATION_FORMAT = "dwarf-with-dsym";
				ENABLE_NS_ASSERTIONS = NO;
				ENABLE_STRICT_OBJC_MSGSEND = YES;
				ENABLE_USER_SCRIPT_SANDBOXING = YES;
				GCC_C_LANGUAGE_STANDARD = gnu17;
				GCC_NO_COMMON_BLOCKS = YES;
				GCC_WARN_64_TO_32_BIT_CONVERSION = YES;
				GCC_WARN_ABOUT_RETURN_TYPE = YES_ERROR;
				GCC_WARN_UNDECLARED_SELECTOR = YES;
				GCC_WARN_UNINITIALIZED_AUTOS = YES_AGGRESSIVE;
				GCC_WARN_UNUSED_FUNCTION = YES;
				GCC_WARN_UNUSED_VARIABLE = YES;
				LOCALIZATION_PREFERS_STRING_CATALOGS = YES;
				MACOSX_DEPLOYMENT_TARGET = 15.3;
				MTL_ENABLE_DEBUG_INFO = NO;
				MTL_FAST_MATH = YES;
				SDKROOT = macosx;
				SWIFT_COMPILATION_MODE = wholemodule;
			};
			name = Release;
		};
		97EC227A300C275800E4A542 /* Debug */ = {
			isa = XCBuildConfiguration;
			buildSettings = {
				ASSETCATALOG_COMPILER_APPICON_NAME = AppIcon;
				ASSETCATALOG_COMPILER_GLOBAL_ACCENT_COLOR_NAME = AccentColor;
				CODE_SIGN_ENTITLEMENTS = Timbre/Timbre.entitlements;
				CODE_SIGN_STYLE = Automatic;
				COMBINE_HIDPI_IMAGES = YES;
				CURRENT_PROJECT_VERSION = 1;
				DEVELOPMENT_TEAM = 264VP7B2Z9;
				ENABLE_PREVIEWS = YES;
				GENERATE_INFOPLIST_FILE = YES;
				INFOPLIST_FILE = Timbre/Info.plist;
				INFOPLIST_KEY_LSUIElement = YES;
				INFOPLIST_KEY_NSHumanReadableCopyright = "";
				INFOPLIST_KEY_NSMicrophoneUsageDescription = "Timbre uses your microphone to transcribe your speech into text.";
				INFOPLIST_KEY_NSSpeechRecognitionUsageDescription = "Timbre uses speech recognition to convert your spoken words into text.";
				LD_RUNPATH_SEARCH_PATHS = (
					"$(inherited)",
					"@executable_path/../Frameworks",
				);
				MACOSX_DEPLOYMENT_TARGET = 14.6;
				MARKETING_VERSION = 1.0;
				PRODUCT_BUNDLE_IDENTIFIER = com.augustdrakton.Timbre;
				PRODUCT_NAME = "$(TARGET_NAME)";
				REGISTER_APP_GROUPS = YES;
				SWIFT_EMIT_LOC_STRINGS = YES;
				SWIFT_VERSION = 5.0;
			};
			name = Debug;
		};
		97EC227B300C275800E4A542 /* Release */ = {
			isa = XCBuildConfiguration;
			buildSettings = {
				ASSETCATALOG_COMPILER_APPICON_NAME = AppIcon;
				ASSETCATALOG_COMPILER_GLOBAL_ACCENT_COLOR_NAME = AccentColor;
				CODE_SIGN_ENTITLEMENTS = Timbre/Timbre.entitlements;
				CODE_SIGN_STYLE = Automatic;
				COMBINE_HIDPI_IMAGES = YES;
				CURRENT_PROJECT_VERSION = 1;
				DEVELOPMENT_TEAM = 264VP7B2Z9;
				ENABLE_PREVIEWS = YES;
				GENERATE_INFOPLIST_FILE = YES;
				INFOPLIST_FILE = Timbre/Info.plist;
				INFOPLIST_KEY_LSUIElement = YES;
				INFOPLIST_KEY_NSHumanReadableCopyright = "";
				INFOPLIST_KEY_NSMicrophoneUsageDescription = "Timbre uses your microphone to transcribe your speech into text.";
				INFOPLIST_KEY_NSSpeechRecognitionUsageDescription = "Timbre uses speech recognition to convert your spoken words into text.";
				LD_RUNPATH_SEARCH_PATHS = (
					"$(inherited)",
					"@executable_path/../Frameworks",
				);
				MACOSX_DEPLOYMENT_TARGET = 14.6;
				MARKETING_VERSION = 1.0;
				PRODUCT_BUNDLE_IDENTIFIER = com.augustdrakton.Timbre;
				PRODUCT_NAME = "$(TARGET_NAME)";
				REGISTER_APP_GROUPS = YES;
				SWIFT_EMIT_LOC_STRINGS = YES;
				SWIFT_VERSION = 5.0;
			};
			name = Release;
		};
/* End XCBuildConfiguration section */

/* Begin XCConfigurationList section */
		97516C5A300C40010000000B /* Build configuration list for PBXNativeTarget "TimbreTests" */ = {
			isa = XCConfigurationList;
			buildConfigurations = (
				97516C58300C400100000009 /* Debug */,
				97516C59300C40010000000A /* Release */,
			);
			defaultConfigurationIsVisible = 0;
			defaultConfigurationName = Release;
		};
		97516C6A300C40010000001B /* Build configuration list for PBXNativeTarget "TimbreUITests" */ = {
			isa = XCConfigurationList;
			buildConfigurations = (
				97516C68300C400100000019 /* Debug */,
				97516C69300C40010000001A /* Release */,
			);
			defaultConfigurationIsVisible = 0;
			defaultConfigurationName = Release;
		};
		97516C79300C50010000000A /* Build configuration list for PBXNativeTarget "ParakeetSmokeTest" */ = {
			isa = XCConfigurationList;
			buildConfigurations = (
				97516C77300C500100000008 /* Debug */,
				97516C78300C500100000009 /* Release */,
			);
			defaultConfigurationIsVisible = 0;
			defaultConfigurationName = Release;
		};
		97EC2268300C275500E4A542 /* Build configuration list for PBXProject "Timbre" */ = {
			isa = XCConfigurationList;
			buildConfigurations = (
				97EC2277300C275800E4A542 /* Debug */,
				97EC2278300C275800E4A542 /* Release */,
			);
			defaultConfigurationIsVisible = 0;
			defaultConfigurationName = Release;
		};
		97EC2279300C275800E4A542 /* Build configuration list for PBXNativeTarget "Timbre" */ = {
			isa = XCConfigurationList;
			buildConfigurations = (
				97EC227A300C275800E4A542 /* Debug */,
				97EC227B300C275800E4A542 /* Release */,
			);
			defaultConfigurationIsVisible = 0;
			defaultConfigurationName = Release;
		};
/* End XCConfigurationList section */

/* Begin XCRemoteSwiftPackageReference section */
		97516C7A300C50010000000B /* XCRemoteSwiftPackageReference "FluidAudio" */ = {
			isa = XCRemoteSwiftPackageReference;
			repositoryURL = "https://github.com/FluidInference/FluidAudio.git";
			requirement = {
				kind = exactVersion;
				version = 0.15.5;
			};
		};
/* End XCRemoteSwiftPackageReference section */

/* Begin XCSwiftPackageProductDependency section */
		97516C75300C500100000006 /* FluidAudio */ = {
			isa = XCSwiftPackageProductDependency;
			package = 97516C7A300C50010000000B /* XCRemoteSwiftPackageReference "FluidAudio" */;
			productName = FluidAudio;
		};
		97516C75300C500100000012 /* FluidAudio */ = {
			isa = XCSwiftPackageProductDependency;
			package = 97516C7A300C50010000000B /* XCRemoteSwiftPackageReference "FluidAudio" */;
			productName = FluidAudio;
		};
/* End XCSwiftPackageProductDependency section */
	};
	rootObject = 97EC2265300C275500E4A542 /* Project object */;
}
